// !$*UTF8*$!
{
	archiveVersion = 1;
	classes = {
	};
	objectVersion = 56;
	objects = {

/* Begin PBXBuildFile section */
		BD9BFB902927DC1F008C712D /* AppDelegate.swift in Sources */ = {isa = PBXBuildFile; fileRef = BD9BFB8F2927DC1F008C712D /* AppDelegate.swift */; };
		BD9BFB922927DC1F008C712D /* SceneDelegate.swift in Sources */ = {isa = PBXBuildFile; fileRef = BD9BFB912927DC1F008C712D /* SceneDelegate.swift */; };
		BD9BFB942927DC1F008C712D /* DynamicBehaviourViewController.swift in Sources */ = {isa = PBXBuildFile; fileRef = BD9BFB932927DC1F008C712D /* DynamicBehaviourViewController.swift */; };
		BD9BFB972927DC1F008C712D /* Main.storyboard in Resources */ = {isa = PBXBuildFile; fileRef = BD9BFB952927DC1F008C712D /* Main.storyboard */; };
		BD9BFB992927DC20008C712D /* Assets.xcassets in Resources */ = {isa = PBXBuildFile; fileRef = BD9BFB982927DC20008C712D /* Assets.xcassets */; };
		BD9BFB9C2927DC20008C712D /* LaunchScreen.storyboard in Resources */ = {isa = PBXBuildFile; fileRef = BD9BFB9A2927DC20008C712D /* LaunchScreen.storyboard */; };
		BD9BFBA72927DC20008C712D /* AnimationsDemosTests.swift in Sources */ = {isa = PBXBuildFile; fileRef = BD9BFBA62927DC20008C712D /* AnimationsDemosTests.swift */; };
		BD9BFBB12927DC20008C712D /* AnimationsDemosUITests.swift in Sources */ = {isa = PBXBuildFile; fileRef = BD9BFBB02927DC20008C712D /* AnimationsDemosUITests.swift */; };
		BD9BFBB32927DC20008C712D /* AnimationsDemosUITestsLaunchTests.swift in Sources */ = {isa = PBXBuildFile; fileRef = BD9BFBB22927DC20008C712D /* AnimationsDemosUITestsLaunchTests.swift */; };
		BD9BFBC02927EB29008C712D /* PopUpViewController.swift in Sources */ = {isa = PBXBuildFile; fileRef = BD9BFBBF2927EB29008C712D /* PopUpViewController.swift */; };
/* End PBXBuildFile section */

/* Begin PBXContainerItemProxy section */
		BD9BFBA32927DC20008C712D /* PBXContainerItemProxy */ = {
			isa = PBXContainerItemProxy;
			containerPortal = BD9BFB842927DC1F008C712D /* Project object */;
			proxyType = 1;
			remoteGlobalIDString = BD9BFB8B2927DC1F008C712D;
			remoteInfo = AnimationsDemos;
		};
		BD9BFBAD2927DC20008C712D /* PBXContainerItemProxy */ = {
			isa = PBXContainerItemProxy;
			containerPortal = BD9BFB842927DC1F008C712D /* Project object */;
			proxyType = 1;
			remoteGlobalIDString = BD9BFB8B2927DC1F008C712D;
			remoteInfo = AnimationsDemos;
		};
/* End PBXContainerItemProxy section */

/* Begin PBXFileReference section */
		BD9BFB8C2927DC1F008C712D /* AnimationsDemos.app */ = {isa = PBXFileReference; explicitFileType = wrapper.application; includeInIndex = 0; path = AnimationsDemos.app; sourceTree = BUILT_PRODUCTS_DIR; };
		BD9BFB8F2927DC1F008C712D /* AppDelegate.swift */ = {isa = PBXFileReference; lastKnownFileType = sourcecode.swift; path = AppDelegate.swift; sourceTree = "<group>"; };
		BD9BFB912927DC1F008C712D /* SceneDelegate.swift */ = {isa = PBXFileReference; lastKnownFileType = sourcecode.swift; path = SceneDelegate.swift; sourceTree = "<group>"; };
		BD9BFB932927DC1F008C712D /* DynamicBehaviourViewController.swift */ = {isa = PBXFileReference; lastKnownFileType = sourcecode.swift; path = DynamicBehaviourViewController.swift; sourceTree = "<group>"; };
		BD9BFB962927DC1F008C712D /* Base */ = {isa = PBXFileReference; lastKnownFileType = file.storyboard; name = Base; path = Base.lproj/Main.storyboard; sourceTree = "<group>"; };
		BD9BFB982927DC20008C712D /* Assets.xcassets */ = {isa = PBXFileReference; lastKnownFileType = folder.assetcatalog; path = Assets.xcassets; sourceTree = "<group>"; };
		BD9BFB9B2927DC20008C712D /* Base */ = {isa = PBXFileReference; lastKnownFileType = file.storyboard; name = Base; path = Base.lproj/LaunchScreen.storyboard; sourceTree = "<group>"; };
		BD9BFB9D2927DC20008C712D /* Info.plist */ = {isa = PBXFileReference; lastKnownFileType = text.plist.xml; path = Info.plist; sourceTree = "<group>"; };
		BD9BFBA22927DC20008C712D /* AnimationsDemosTests.xctest */ = {isa = PBXFileReference; explicitFileType = wrapper.cfbundle; includeInIndex = 0; path = AnimationsDemosTests.xctest; sourceTree = BUILT_PRODUCTS_DIR; };
		BD9BFBA62927DC20008C712D /* AnimationsDemosTests.swift */ = {isa = PBXFileReference; lastKnownFileType = sourcecode.swift; path = AnimationsDemosTests.swift; sourceTree = "<group>"; };
		BD9BFBAC2927DC20008C712D /* AnimationsDemosUITests.xctest */ = {isa = PBXFileReference; explicitFileType = wrapper.cfbundle; includeInIndex = 0; path = AnimationsDemosUITests.xctest; sourceTree = BUILT_PRODUCTS_DIR; };
		BD9BFBB02927DC20008C712D /* AnimationsDemosUITests.swift */ = {isa = PBXFileReference; lastKnownFileType = sourcecode.swift; path = AnimationsDemosUITests.swift; sourceTree = "<group>"; };
		BD9BFBB22927DC20008C712D /* AnimationsDemosUITestsLaunchTests.swift */ = {isa = PBXFileReference; lastKnownFileType = sourcecode.swift; path = AnimationsDemosUITestsLaunchTests.swift; sourceTree = "<group>"; };
		BD9BFBBF2927EB29008C712D /* PopUpViewController.swift */ = {isa = PBXFileReference; lastKnownFileType = sourcecode.swift; path = PopUpViewController.swift; sourceTree = "<group>"; };
/* End PBXFileReference section */

/* Begin PBXFrameworksBuildPhase section */
		BD9BFB892927DC1F008C712D /* Frameworks */ = {
			isa = PBXFrameworksBuildPhase;
			buildActionMask = 2147483647;
			files = (
			);
			runOnlyForDeploymentPostprocessing = 0;
		};
		BD9BFB9F2927DC20008C712D /* Frameworks */ = {
			isa = PBXFrameworksBuildPhase;
			buildActionMask = 2147483647;
			files = (
			);
			runOnlyForDeploymentPostprocessing = 0;
		};
		BD9BFBA92927DC20008C712D /* Frameworks */ = {
			isa = PBXFrameworksBuildPhase;
			buildActionMask = 2147483647;
			files = (
			);
			runOnlyForDeploymentPostprocessing = 0;
		};
/* End PBXFrameworksBuildPhase section */

/* Begin PBXGroup section */
		BD9BFB832927DC1F008C712D = {
			isa = PBXGroup;
			children = (
				BD9BFB8E2927DC1F008C712D /* AnimationsDemos */,
				BD9BFBA52927DC20008C712D /* AnimationsDemosTests */,
				BD9BFBAF2927DC20008C712D /* AnimationsDemosUITests */,
				BD9BFB8D2927DC1F008C712D /* Products */,
			);
			sourceTree = "<group>";
		};
		BD9BFB8D2927DC1F008C712D /* Products */ = {
			isa = PBXGroup;
			children = (
				BD9BFB8C2927DC1F008C712D /* AnimationsDemos.app */,
				BD9BFBA22927DC20008C712D /* AnimationsDemosTests.xctest */,
				BD9BFBAC2927DC20008C712D /* AnimationsDemosUITests.xctest */,
			);
			name = Products;
			sourceTree = "<group>";
		};
		BD9BFB8E2927DC1F008C712D /* AnimationsDemos */ = {
			isa = PBXGroup;
			children = (
				BD9BFB8F2927DC1F008C712D /* AppDelegate.swift */,
				BD9BFB912927DC1F008C712D /* SceneDelegate.swift */,
				BD9BFB932927DC1F008C712D /* DynamicBehaviourViewController.swift */,
				BD9BFB952927DC1F008C712D /* Main.storyboard */,
				BD9BFB982927DC20008C712D /* Assets.xcassets */,
				BD9BFB9A2927DC20008C712D /* LaunchScreen.storyboard */,
				BD9BFB9D2927DC20008C712D /* Info.plist */,
				BD9BFBBF2927EB29008C712D /* PopUpViewController.swift */,
			);
			path = AnimationsDemos;
			sourceTree = "<group>";
		};
		BD9BFBA52927DC20008C712D /* AnimationsDemosTests */ = {
			isa = PBXGroup;
			children = (
				BD9BFBA62927DC20008C712D /* AnimationsDemosTests.swift */,
			);
			path = AnimationsDemosTests;
			sourceTree = "<group>";
		};
		BD9BFBAF2927DC20008C712D /* AnimationsDemosUITests */ = {
			isa = PBXGroup;
			children = (
				BD9BFBB02927DC20008C712D /* AnimationsDemosUITests.swift */,
				BD9BFBB22927DC20008C712D /* AnimationsDemosUITestsLaunchTests.swift */,
			);
			path = AnimationsDemosUITests;
			sourceTree = "<group>";
		};
/* End PBXGroup section */

/* Begin PBXNativeTarget section */
		BD9BFB8B2927DC1F008C712D /* AnimationsDemos */ = {
			isa = PBXNativeTarget;
			buildConfigurationList = BD9BFBB62927DC20008C712D /* Build configuration list for PBXNativeTarget "AnimationsDemos" */;
			buildPhases = (
				BD9BFB882927DC1F008C712D /* Sources */,
				BD9BFB892927DC1F008C712D /* Frameworks */,
				BD9BFB8A2927DC1F008C712D /* Resources */,
			);
			buildRules = (
			);
			dependencies = (
			);
			name = AnimationsDemos;
			productName = AnimationsDemos;
			productReference = BD9BFB8C2927DC1F008C712D /* AnimationsDemos.app */;
			productType = "com.apple.product-type.application";
		};
		BD9BFBA12927DC20008C712D /* AnimationsDemosTests */ = {
			isa = PBXNativeTarget;
			buildConfigurationList = BD9BFBB92927DC20008C712D /* Build configuration list for PBXNativeTarget "AnimationsDemosTests" */;
			buildPhases = (
				BD9BFB9E2927DC20008C712D /* Sources */,
				BD9BFB9F2927DC20008C712D /* Frameworks */,
				BD9BFBA02927DC20008C712D /* Resources */,
			);
			buildRules = (
			);
			dependencies = (
				BD9BFBA42927DC20008C712D /* PBXTargetDependency */,
			);
			name = AnimationsDemosTests;
			productName = AnimationsDemosTests;
			productReference = BD9BFBA22927DC20008C712D /* AnimationsDemosTests.xctest */;
			productType = "com.apple.product-type.bundle.unit-test";
		};
		BD9BFBAB2927DC20008C712D /* AnimationsDemosUITests */ = {
			isa = PBXNativeTarget;
			buildConfigurationList = BD9BFBBC2927DC20008C712D /* Build configuration list for PBXNativeTarget "AnimationsDemosUITests" */;
			buildPhases = (
				BD9BFBA82927DC20008C712D /* Sources */,
				BD9BFBA92927DC20008C712D /* Frameworks */,
				BD9BFBAA2927DC20008C712D /* Resources */,
			);
			buildRules = (
			);
			dependencies = (
				BD9BFBAE2927DC20008C712D /* PBXTargetDependency */,
			);
			name = AnimationsDemosUITests;
			productName = AnimationsDemosUITests;
			productReference = BD9BFBAC2927DC20008C712D /* AnimationsDemosUITests.xctest */;
			productType = "com.apple.product-type.bundle.ui-testing";
		};
/* End PBXNativeTarget section */

/* Begin PBXProject section */
		BD9BFB842927DC1F008C712D /* Project object */ = {
			isa = PBXProject;
			attributes = {
				BuildIndependentTargetsInParallel = 1;
				LastSwiftUpdateCheck = 1410;
				LastUpgradeCheck = 1410;
				TargetAttributes = {
					BD9BFB8B2927DC1F008C712D = {
						CreatedOnToolsVersion = 14.1;
					};
					BD9BFBA12927DC20008C712D = {
						CreatedOnToolsVersion = 14.1;
						TestTargetID = BD9BFB8B2927DC1F008C712D;
					};
					BD9BFBAB2927DC20008C712D = {
						CreatedOnToolsVersion = 14.1;
						TestTargetID = BD9BFB8B2927DC1F008C712D;
					};
				};
			};
			buildConfigurationList = BD9BFB872927DC1F008C712D /* Build configuration list for PBXProject "AnimationsDemos" */;
			compatibilityVersion = "Xcode 14.0";
			developmentRegion = en;
			hasScannedForEncodings = 0;
			knownRegions = (
				en,
				Base,
			);
			mainGroup = BD9BFB832927DC1F008C712D;
			productRefGroup = BD9BFB8D2927DC1F008C712D /* Products */;
			projectDirPath = "";
			projectRoot = "";
			targets = (
				BD9BFB8B2927DC1F008C712D /* AnimationsDemos */,
				BD9BFBA12927DC20008C712D /* AnimationsDemosTests */,
				BD9BFBAB2927DC20008C712D /* AnimationsDemosUITests */,
			);
		};
/* End PBXProject section */

/* Begin PBXResourcesBuildPhase section */
		BD9BFB8A2927DC1F008C712D /* Resources */ = {
			isa = PBXResourcesBuildPhase;
			buildActionMask = 2147483647;
			files = (
				BD9BFB9C2927DC20008C712D /* LaunchScreen.storyboard in Resources */,
				BD9BFB992927DC20008C712D /* Assets.xcassets in Resources */,
				BD9BFB972927DC1F008C712D /* Main.storyboard in Resources */,
			);
			runOnlyForDeploymentPostprocessing = 0;
		};
		BD9BFBA02927DC20008C712D /* Resources */ = {
			isa = PBXResourcesBuildPhase;
			buildActionMask = 2147483647;
			files = (
			);
			runOnlyForDeploymentPostprocessing = 0;
		};
		BD9BFBAA2927DC20008C712D /* Resources */ = {
			isa = PBXResourcesBuildPhase;
			buildActionMask = 2147483647;
			files = (
			);
			runOnlyForDeploymentPostprocessing = 0;
		};
/* End PBXResourcesBuildPhase section */

/* Begin PBXSourcesBuildPhase section */
		BD9BFB882927DC1F008C712D /* Sources */ = {
			isa = PBXSourcesBuildPhase;
			buildActionMask = 2147483647;
			files = (
				BD9BFB942927DC1F008C712D /* DynamicBehaviourViewController.swift in Sources */,
				BD9BFB902927DC1F008C712D /* AppDelegate.swift in Sources */,
				BD9BFB922927DC1F008C712D /* SceneDelegate.swift in Sources */,
				BD9BFBC02927EB29008C712D /* PopUpViewController.swift in Sources */,
			);
			runOnlyForDeploymentPostprocessing = 0;
		};
		BD9BFB9E2927DC20008C712D /* Sources */ = {
			isa = PBXSourcesBuildPhase;
			buildActionMask = 2147483647;
			files = (
				BD9BFBA72927DC20008C712D /* AnimationsDemosTests.swift in Sources */,
			);
			runOnlyForDeploymentPostprocessing = 0;
		};
		BD9BFBA82927DC20008C712D /* Sources */ = {
			isa = PBXSourcesBuildPhase;
			buildActionMask = 2147483647;
			files = (
				BD9BFBB32927DC20008C712D /* AnimationsDemosUITestsLaunchTests.swift in Sources */,
				BD9BFBB12927DC20008C712D /* AnimationsDemosUITests.swift in Sources */,
			);
			runOnlyForDeploymentPostprocessing = 0;
		};
/* End PBXSourcesBuildPhase section */

/* Begin PBXTargetDependency section */
		BD9BFBA42927DC20008C712D /* PBXTargetDependency */ = {
			isa = PBXTargetDependency;
			target = BD9BFB8B2927DC1F008C712D /* AnimationsDemos */;
			targetProxy = BD9BFBA32927DC20008C712D /* PBXContainerItemProxy */;
		};
		BD9BFBAE2927DC20008C712D /* PBXTargetDependency */ = {
			isa = PBXTargetDependency;
			target = BD9BFB8B2927DC1F008C712D /* AnimationsDemos */;
			targetProxy = BD9BFBAD2927DC20008C712D /* PBXContainerItemProxy */;
		};
/* End PBXTargetDependency section */

/* Begin PBXVariantGroup section */
		BD9BFB952927DC1F008C712D /* Main.storyboard */ = {
			isa = PBXVariantGroup;
			children = (
				BD9BFB962927DC1F008C712D /* Base */,
			);
			name = Main.storyboard;
			sourceTree = "<group>";
		};
		BD9BFB9A2927DC20008C712D /* LaunchScreen.storyboard */ = {
			isa = PBXVariantGroup;
			children = (
				BD9BFB9B2927DC20008C712D /* Base */,
			);
			name = LaunchScreen.storyboard;
			sourceTree = "<group>";
		};
/* End PBXVariantGroup section */

/* Begin XCBuildConfiguration section */
		BD9BFBB42927DC20008C712D /* Debug */ = {
			isa = XCBuildConfiguration;
			buildSettings = {
				ALWAYS_SEARCH_USER_PATHS = NO;
				CLANG_ANALYZER_NONNULL = YES;
				CLANG_ANALYZER_NUMBER_OBJECT_CONVERSION = YES_AGGRESSIVE;
				CLANG_CXX_LANGUAGE_STANDARD = "gnu++20";
				CLANG_ENABLE_MODULES = YES;
				CLANG_ENABLE_OBJC_ARC = YES;
				CLANG_ENABLE_OBJC_WEAK = YES;
				CLANG_WARN_BLOCK_CAPTURE_AUTORELEASING = YES;
				CLANG_WARN_BOOL_CONVERSION = YES;
				CLANG_WARN_COMMA = YES;
				CLANG_WARN_CONSTANT_CONVERSION = YES;
				CLANG_WARN_DEPRECATED_OBJC_IMPLEMENTATIONS = YES;
				CLANG_WARN_DIRECT_OBJC_ISA_USAGE = YES_ERROR;
				CLANG_WARN_DOCUMENTATION_COMMENTS = YES;
				CLANG_WARN_EMPTY_BODY = YES;
				CLANG_WARN_ENUM_CONVERSION = YES;
				CLANG_WARN_INFINITE_RECURSION = YES;
				CLANG_WARN_INT_CONVERSION = YES;
				CLANG_WARN_NON_LITERAL_NULL_CONVERSION = YES;
				CLANG_WARN_OBJC_IMPLICIT_RETAIN_SELF = YES;
				CLANG_WARN_OBJC_LITERAL_CONVERSION = YES;
				CLANG_WARN_OBJC_ROOT_CLASS = YES_ERROR;
				CLANG_WARN_QUOTED_INCLUDE_IN_FRAMEWORK_HEADER = YES;
				CLANG_WARN_RANGE_LOOP_ANALYSIS = YES;
				CLANG_WARN_STRICT_PROTOTYPES = YES;
				CLANG_WARN_SUSPICIOUS_MOVE = YES;
				CLANG_WARN_UNGUARDED_AVAILABILITY = YES_AGGRESSIVE;
				CLANG_WARN_UNREACHABLE_CODE = YES;
				CLANG_WARN__DUPLICATE_METHOD_MATCH = YES;
				COPY_PHASE_STRIP = NO;
				DEBUG_INFORMATION_FORMAT = dwarf;
				ENABLE_STRICT_OBJC_MSGSEND = YES;
				ENABLE_TESTABILITY = YES;
				GCC_C_LANGUAGE_STANDARD = gnu11;
				GCC_DYNAMIC_NO_PIC = NO;
				GCC_NO_COMMON_BLOCKS = YES;
				GCC_OPTIMIZATION_LEVEL = 0;
				GCC_PREPROCESSOR_DEFINITIONS = (
					"DEBUG=1",
					"$(inherited)",
				);
				GCC_WARN_64_TO_32_BIT_CONVERSION = YES;
				GCC_WARN_ABOUT_RETURN_TYPE = YES_ERROR;
				GCC_WARN_UNDECLARED_SELECTOR = YES;
				GCC_WARN_UNINITIALIZED_AUTOS = YES_AGGRESSIVE;
				GCC_WARN_UNUSED_FUNCTION = YES;
				GCC_WARN_UNUSED_VARIABLE = YES;
				IPHONEOS_DEPLOYMENT_TARGET = 16.1;
				MTL_ENABLE_DEBUG_INFO = INCLUDE_SOURCE;
				MTL_FAST_MATH = YES;
				ONLY_ACTIVE_ARCH = YES;
				SDKROOT = iphoneos;
				SWIFT_ACTIVE_COMPILATION_CONDITIONS = DEBUG;
				SWIFT_OPTIMIZATION_LEVEL = "-Onone";
			};
			name = Debug;
		};
		BD9BFBB52927DC20008C712D /* Release */ = {
			isa = XCBuildConfiguration;
			buildSettings = {
				ALWAYS_SEARCH_USER_PATHS = NO;
				CLANG_ANALYZER_NONNULL = YES;
				CLANG_ANALYZER_NUMBER_OBJECT_CONVERSION = YES_AGGRESSIVE;
				CLANG_CXX_LANGUAGE_STANDARD = "gnu++20";
				CLANG_ENABLE_MODULES = YES;
				CLANG_ENABLE_OBJC_ARC = YES;
				CLANG_ENABLE_OBJC_WEAK = YES;
				CLANG_WARN_BLOCK_CAPTURE_AUTORELEASING = YES;
				CLANG_WARN_BOOL_CONVERSION = YES;
				CLANG_WARN_COMMA = YES;
				CLANG_WARN_CONSTANT_CONVERSION = YES;
				CLANG_WARN_DEPRECATED_OBJC_IMPLEMENTATIONS = YES;
				CLANG_WARN_DIRECT_OBJC_ISA_USAGE = YES_ERROR;
				CLANG_WARN_DOCUMENTATION_COMMENTS = YES;
				CLANG_WARN_EMPTY_BODY = YES;
				CLANG_WARN_ENUM_CONVERSION = YES;
				CLANG_WARN_INFINITE_RECURSION = YES;
				CLANG_WARN_INT_CONVERSION = YES;
				CLANG_WARN_NON_LITERAL_NULL_CONVERSION = YES;
				CLANG_WARN_OBJC_IMPLICIT_RETAIN_SELF = YES;
				CLANG_WARN_OBJC_LITERAL_CONVERSION = YES;
				CLANG_WARN_OBJC_ROOT_CLASS = YES_ERROR;
				CLANG_WARN_QUOTED_INCLUDE_IN_FRAMEWORK_HEADER = YES;
				CLANG_WARN_RANGE_LOOP_ANALYSIS = YES;
				CLANG_WARN_STRICT_PROTOTYPES = YES;
				CLANG_WARN_SUSPICIOUS_MOVE = YES;
				CLANG_WARN_UNGUARDED_AVAILABILITY = YES_AGGRESSIVE;
				CLANG_WARN_UNREACHABLE_CODE = YES;
				CLANG_WARN__DUPLICATE_METHOD_MATCH = YES;
				COPY_PHASE_STRIP = NO;
				DEBUG_INFORMATION_FORMAT = "dwarf-with-dsym";
				ENABLE_NS_ASSERTIONS = NO;
				ENABLE_STRICT_OBJC_MSGSEND = YES;
				GCC_C_LANGUAGE_STANDARD = gnu11;
				GCC_NO_COMMON_BLOCKS = YES;
				GCC_WARN_64_TO_32_BIT_CONVERSION = YES;
				GCC_WARN_ABOUT_RETURN_TYPE = YES_ERROR;
				GCC_WARN_UNDECLARED_SELECTOR = YES;
				GCC_WARN_UNINITIALIZED_AUTOS = YES_AGGRESSIVE;
				GCC_WARN_UNUSED_FUNCTION = YES;
				GCC_WARN_UNUSED_VARIABLE = YES;
				IPHONEOS_DEPLOYMENT_TARGET = 16.1;
				MTL_ENABLE_DEBUG_INFO = NO;
				MTL_FAST_MATH = YES;
				SDKROOT = iphoneos;
				SWIFT_COMPILATION_MODE = wholemodule;
				SWIFT_OPTIMIZATION_LEVEL = "-O";
				VALIDATE_PRODUCT = YES;
			};
			name = Release;
		};
		BD9BFBB72927DC20008C712D /* Debug */ = {
			isa = XCBuildConfiguration;
			buildSettings = {
				ASSETCATALOG_COMPILER_APPICON_NAME = AppIcon;
				ASSETCATALOG_COMPILER_GLOBAL_ACCENT_COLOR_NAME = AccentColor;
				CODE_SIGN_STYLE = Automatic;
				CURRENT_PROJECT_VERSION = 1;
				DEVELOPMENT_TEAM = HPX794PR75;
				GENERATE_INFOPLIST_FILE = YES;
				INFOPLIST_FILE = AnimationsDemos/Info.plist;
				INFOPLIST_KEY_UIApplicationSupportsIndirectInputEvents = YES;
				INFOPLIST_KEY_UILaunchStoryboardName = LaunchScreen;
				INFOPLIST_KEY_UIMainStoryboardFile = Main;
				INFOPLIST_KEY_UISupportedInterfaceOrientations_iPad = "UIInterfaceOrientationPortrait UIInterfaceOrientationPortraitUpsideDown UIInterfaceOrientationLandscapeLeft UIInterfaceOrientationLandscapeRight";
				INFOPLIST_KEY_UISupportedInterfaceOrientations_iPhone = "UIInterfaceOrientationPortrait UIInterfaceOrientationLandscapeLeft UIInterfaceOrientationLandscapeRight";
				LD_RUNPATH_SEARCH_PATHS = (
					"$(inherited)",
					"@executable_path/Frameworks",
				);
				MARKETING_VERSION = 1.0;
				PRODUCT_BUNDLE_IDENTIFIER = AD.AnimationsDemos;
				PRODUCT_NAME = "$(TARGET_NAME)";
				SWIFT_EMIT_LOC_STRINGS = YES;
				SWIFT_VERSION = 5.0;
				TARGETED_DEVICE_FAMILY = "1,2";
			};
			name = Debug;
		};
		BD9BFBB82927DC20008C712D /* Release */ = {
			isa = XCBuildConfiguration;
			buildSettings = {
				ASSETCATALOG_COMPILER_APPICON_NAME = AppIcon;
				ASSETCATALOG_COMPILER_GLOBAL_ACCENT_COLOR_NAME = AccentColor;
				CODE_SIGN_STYLE = Automatic;
				CURRENT_PROJECT_VERSION = 1;
				DEVELOPMENT_TEAM = HPX794PR75;
				GENERATE_INFOPLIST_FILE = YES;
				INFOPLIST_FILE = AnimationsDemos/Info.plist;
				INFOPLIST_KEY_UIApplicationSupportsIndirectInputEvents = YES;
				INFOPLIST_KEY_UILaunchStoryboardName = LaunchScreen;
				INFOPLIST_KEY_UIMainStoryboardFile = Main;
				INFOPLIST_KEY_UISupportedInterfaceOrientations_iPad = "UIInterfaceOrientationPortrait UIInterfaceOrientationPortraitUpsideDown UIInterfaceOrientationLandscapeLeft UIInterfaceOrientationLandscapeRight";
				INFOPLIST_KEY_UISupportedInterfaceOrientations_iPhone = "UIInterfaceOrientationPortrait UIInterfaceOrientationLandscapeLeft UIInterfaceOrientationLandscapeRight";
				LD_RUNPATH_SEARCH_PATHS = (
					"$(inherited)",
					"@executable_path/Frameworks",
				);
				MARKETING_VERSION = 1.0;
				PRODUCT_BUNDLE_IDENTIFIER = AD.AnimationsDemos;
				PRODUCT_NAME = "$(TARGET_NAME)";
				SWIFT_EMIT_LOC_STRINGS = YES;
				SWIFT_VERSION = 5.0;
				TARGETED_DEVICE_FAMILY = "1,2";
			};
			name = Release;
		};
		BD9BFBBA2927DC20008C712D /* Debug */ = {
			isa = XCBuildConfiguration;
			buildSettings = {
				ALWAYS_EMBED_SWIFT_STANDARD_LIBRARIES = YES;
				BUNDLE_LOADER = "$(TEST_HOST)";
				CODE_SIGN_STYLE = Automatic;
				CURRENT_PROJECT_VERSION = 1;
				DEVELOPMENT_TEAM = HPX794PR75;
				GENERATE_INFOPLIST_FILE = YES;
				IPHONEOS_DEPLOYMENT_TARGET = 16.1;
				MARKETING_VERSION = 1.0;
				PRODUCT_BUNDLE_IDENTIFIER = AD.AnimationsDemosTests;
				PRODUCT_NAME = "$(TARGET_NAME)";
				SWIFT_EMIT_LOC_STRINGS = NO;
				SWIFT_VERSION = 5.0;
				TARGETED_DEVICE_FAMILY = "1,2";
				TEST_HOST = "$(BUILT_PRODUCTS_DIR)/AnimationsDemos.app/$(BUNDLE_EXECUTABLE_FOLDER_PATH)/AnimationsDemos";
			};
			name = Debug;
		};
		BD9BFBBB2927DC20008C712D /* Release */ = {
			isa = XCBuildConfiguration;
			buildSettings = {
				ALWAYS_EMBED_SWIFT_STANDARD_LIBRARIES = YES;
				BUNDLE_LOADER = "$(TEST_HOST)";
				CODE_SIGN_STYLE = Automatic;
				CURRENT_PROJECT_VERSION = 1;
				DEVELOPMENT_TEAM = HPX794PR75;
				GENERATE_INFOPLIST_FILE = YES;
				IPHONEOS_DEPLOYMENT_TARGET = 16.1;
				MARKETING_VERSION = 1.0;
				PRODUCT_BUNDLE_IDENTIFIER = AD.AnimationsDemosTests;
				PRODUCT_NAME = "$(TARGET_NAME)";
				SWIFT_EMIT_LOC_STRINGS = NO;
				SWIFT_VERSION = 5.0;
				TARGETED_DEVICE_FAMILY = "1,2";
				TEST_HOST = "$(BUILT_PRODUCTS_DIR)/AnimationsDemos.app/$(BUNDLE_EXECUTABLE_FOLDER_PATH)/AnimationsDemos";
			};
			name = Release;
		};
		BD9BFBBD2927DC20008C712D /* Debug */ = {
			isa = XCBuildConfiguration;
			buildSettings = {
				ALWAYS_EMBED_SWIFT_STANDARD_LIBRARIES = YES;
				CODE_SIGN_STYLE = Automatic;
				CURRENT_PROJECT_VERSION = 1;
				DEVELOPMENT_TEAM = HPX794PR75;
				GENERATE_INFOPLIST_FILE = YES;
				MARKETING_VERSION = 1.0;
				PRODUCT_BUNDLE_IDENTIFIER = AD.AnimationsDemosUITests;
				PRODUCT_NAME = "$(TARGET_NAME)";
				SWIFT_EMIT_LOC_STRINGS = NO;
				SWIFT_VERSION = 5.0;
				TARGETED_DEVICE_FAMILY = "1,2";
				TEST_TARGET_NAME = AnimationsDemos;
			};
			name = Debug;
		};
		BD9BFBBE2927DC20008C712D /* Release */ = {
			isa = XCBuildConfiguration;
			buildSettings = {
				ALWAYS_EMBED_SWIFT_STANDARD_LIBRARIES = YES;
				CODE_SIGN_STYLE = Automatic;
				CURRENT_PROJECT_VERSION = 1;
				DEVELOPMENT_TEAM = HPX794PR75;
				GENERATE_INFOPLIST_FILE = YES;
				MARKETING_VERSION = 1.0;
				PRODUCT_BUNDLE_IDENTIFIER = AD.AnimationsDemosUITests;
				PRODUCT_NAME = "$(TARGET_NAME)";
				SWIFT_EMIT_LOC_STRINGS = NO;
				SWIFT_VERSION = 5.0;
				TARGETED_DEVICE_FAMILY = "1,2";
				TEST_TARGET_NAME = AnimationsDemos;
			};
			name = Release;
		};
/* End XCBuildConfiguration section */

/* Begin XCConfigurationList section */
		BD9BFB872927DC1F008C712D /* Build configuration list for PBXProject "AnimationsDemos" */ = {
			isa = XCConfigurationList;
			buildConfigurations = (
				BD9BFBB42927DC20008C712D /* Debug */,
				BD9BFBB52927DC20008C712D /* Release */,
			);
			defaultConfigurationIsVisible = 0;
			defaultConfigurationName = Release;
		};
		BD9BFBB62927DC20008C712D /* Build configuration list for PBXNativeTarget "AnimationsDemos" */ = {
			isa = XCConfigurationList;
			buildConfigurations = (
				BD9BFBB72927DC20008C712D /* Debug */,
				BD9BFBB82927DC20008C712D /* Release */,
			);
			defaultConfigurationIsVisible = 0;
			defaultConfigurationName = Release;
		};
		BD9BFBB92927DC20008C712D /* Build configuration list for PBXNativeTarget "AnimationsDemosTests" */ = {
			isa = XCConfigurationList;
			buildConfigurations = (
				BD9BFBBA2927DC20008C712D /* Debug */,
				BD9BFBBB2927DC20008C712D /* Release */,
			);
			defaultConfigurationIsVisible = 0;
			defaultConfigurationName = Release;
		};
		BD9BFBBC2927DC20008C712D /* Build configuration list for PBXNativeTarget "AnimationsDemosUITests" */ = {
			isa = XCConfigurationList;
			buildConfigurations = (
				BD9BFBBD2927DC20008C712D /* Debug */,
				BD9BFBBE2927DC20008C712D /* Release */,
			);
			defaultConfigurationIsVisible = 0;
			defaultConfigurationName = Release;
		};
/* End XCConfigurationList section */
	};
	rootObject = BD9BFB842927DC1F008C712D /* Project object */;
}
