// !$*UTF8*$!
{
	archiveVersion = 1;
	classes = {
	};
	objectVersion = 56;
	objects = {

/* Begin PBXBuildFile section */
		BD60F7272923F2EE005A0B93 /* HttpRequester.swift in Sources */ = {isa = PBXBuildFile; fileRef = BD60F7262923F2EE005A0B93 /* HttpRequester.swift */; };
		BD60F7292923F767005A0B93 /* HttpRequesterDelegate.swift in Sources */ = {isa = PBXBuildFile; fileRef = BD60F7282923F767005A0B93 /* HttpRequesterDelegate.swift */; };
		BDB66E9B2923F1A800ED9562 /* AppDelegate.swift in Sources */ = {isa = PBXBuildFile; fileRef = BDB66E9A2923F1A800ED9562 /* AppDelegate.swift */; };
		BDB66E9D2923F1A800ED9562 /* SceneDelegate.swift in Sources */ = {isa = PBXBuildFile; fileRef = BDB66E9C2923F1A800ED9562 /* SceneDelegate.swift */; };
		BDB66E9F2923F1A800ED9562 /* ViewController.swift in Sources */ = {isa = PBXBuildFile; fileRef = BDB66E9E2923F1A800ED9562 /* ViewController.swift */; };
		BDB66EA22923F1A800ED9562 /* Main.storyboard in Resources */ = {isa = PBXBuildFile; fileRef = BDB66EA02923F1A800ED9562 /* Main.storyboard */; };
		BDB66EA42923F1AA00ED9562 /* Assets.xcassets in Resources */ = {isa = PBXBuildFile; fileRef = BDB66EA32923F1AA00ED9562 /* Assets.xcassets */; };
		BDB66EA72923F1AA00ED9562 /* LaunchScreen.storyboard in Resources */ = {isa = PBXBuildFile; fileRef = BDB66EA52923F1AA00ED9562 /* LaunchScreen.storyboard */; };
/* End PBXBuildFile section */

/* Begin PBXFileReference section */
		BD60F7262923F2EE005A0B93 /* HttpRequester.swift */ = {isa = PBXFileReference; lastKnownFileType = sourcecode.swift; name = HttpRequester.swift; path = http/HttpRequester.swift; sourceTree = "<group>"; };
		BD60F7282923F767005A0B93 /* HttpRequesterDelegate.swift */ = {isa = PBXFileReference; lastKnownFileType = sourcecode.swift; name = HttpRequesterDelegate.swift; path = http/HttpRequesterDelegate.swift; sourceTree = "<group>"; };
		BDB66E972923F1A800ED9562 /* HttpDemos.app */ = {isa = PBXFileReference; explicitFileType = wrapper.application; includeInIndex = 0; path = HttpDemos.app; sourceTree = BUILT_PRODUCTS_DIR; };
		BDB66E9A2923F1A800ED9562 /* AppDelegate.swift */ = {isa = PBXFileReference; lastKnownFileType = sourcecode.swift; path = AppDelegate.swift; sourceTree = "<group>"; };
		BDB66E9C2923F1A800ED9562 /* SceneDelegate.swift */ = {isa = PBXFileReference; lastKnownFileType = sourcecode.swift; path = SceneDelegate.swift; sourceTree = "<group>"; };
		BDB66E9E2923F1A800ED9562 /* ViewController.swift */ = {isa = PBXFileReference; lastKnownFileType = sourcecode.swift; path = ViewController.swift; sourceTree = "<group>"; };
		BDB66EA12923F1A800ED9562 /* Base */ = {isa = PBXFileReference; lastKnownFileType = file.storyboard; name = Base; path = Base.lproj/Main.storyboard; sourceTree = "<group>"; };
		BDB66EA32923F1AA00ED9562 /* Assets.xcassets */ = {isa = PBXFileReference; lastKnownFileType = folder.assetcatalog; path = Assets.xcassets; sourceTree = "<group>"; };
		BDB66EA62923F1AA00ED9562 /* Base */ = {isa = PBXFileReference; lastKnownFileType = file.storyboard; name = Base; path = Base.lproj/LaunchScreen.storyboard; sourceTree = "<group>"; };
		BDB66EA82923F1AA00ED9562 /* Info.plist */ = {isa = PBXFileReference; lastKnownFileType = text.plist.xml; path = Info.plist; sourceTree = "<group>"; };
/* End PBXFileReference section */

/* Begin PBXFrameworksBuildPhase section */
		BDB66E942923F1A800ED9562 /* Frameworks */ = {
			isa = PBXFrameworksBuildPhase;
			buildActionMask = 2147483647;
			files = (
			);
			runOnlyForDeploymentPostprocessing = 0;
		};
/* End PBXFrameworksBuildPhase section */

/* Begin PBXGroup section */
		BD60F7252923F2CC005A0B93 /* Http */ = {
			isa = PBXGroup;
			children = (
				BD60F7262923F2EE005A0B93 /* HttpRequester.swift */,
				BD60F7282923F767005A0B93 /* HttpRequesterDelegate.swift */,
			);
			path = Http;
			sourceTree = "<group>";
		};
		BDB66E8E2923F1A800ED9562 = {
			isa = PBXGroup;
			children = (
				BDB66E992923F1A800ED9562 /* HttpDemos */,
				BDB66E982923F1A800ED9562 /* Products */,
			);
			sourceTree = "<group>";
		};
		BDB66E982923F1A800ED9562 /* Products */ = {
			isa = PBXGroup;
			children = (
				BDB66E972923F1A800ED9562 /* HttpDemos.app */,
			);
			name = Products;
			sourceTree = "<group>";
		};
		BDB66E992923F1A800ED9562 /* HttpDemos */ = {
			isa = PBXGroup;
			children = (
				BD60F7252923F2CC005A0B93 /* Http */,
				BDB66E9A2923F1A800ED9562 /* AppDelegate.swift */,
				BDB66E9C2923F1A800ED9562 /* SceneDelegate.swift */,
				BDB66E9E2923F1A800ED9562 /* ViewController.swift */,
				BDB66EA02923F1A800ED9562 /* Main.storyboard */,
				BDB66EA32923F1AA00ED9562 /* Assets.xcassets */,
				BDB66EA52923F1AA00ED9562 /* LaunchScreen.storyboard */,
				BDB66EA82923F1AA00ED9562 /* Info.plist */,
			);
			path = HttpDemos;
			sourceTree = "<group>";
		};
/* End PBXGroup section */

/* Begin PBXNativeTarget section */
		BDB66E962923F1A800ED9562 /* HttpDemos */ = {
			isa = PBXNativeTarget;
			buildConfigurationList = BDB66EAB2923F1AA00ED9562 /* Build configuration list for PBXNativeTarget "HttpDemos" */;
			buildPhases = (
				BDB66E932923F1A800ED9562 /* Sources */,
				BDB66E942923F1A800ED9562 /* Frameworks */,
				BDB66E952923F1A800ED9562 /* Resources */,
			);
			buildRules = (
			);
			dependencies = (
			);
			name = HttpDemos;
			productName = HttpDemos;
			productReference = BDB66E972923F1A800ED9562 /* HttpDemos.app */;
			productType = "com.apple.product-type.application";
		};
/* End PBXNativeTarget section */

/* Begin PBXProject section */
		BDB66E8F2923F1A800ED9562 /* Project object */ = {
			isa = PBXProject;
			attributes = {
				BuildIndependentTargetsInParallel = 1;
				LastSwiftUpdateCheck = 1410;
				LastUpgradeCheck = 1410;
				TargetAttributes = {
					BDB66E962923F1A800ED9562 = {
						CreatedOnToolsVersion = 14.1;
					};
				};
			};
			buildConfigurationList = BDB66E922923F1A800ED9562 /* Build configuration list for PBXProject "HttpDemos" */;
			compatibilityVersion = "Xcode 14.0";
			developmentRegion = en;
			hasScannedForEncodings = 0;
			knownRegions = (
				en,
				Base,
			);
			mainGroup = BDB66E8E2923F1A800ED9562;
			productRefGroup = BDB66E982923F1A800ED9562 /* Products */;
			projectDirPath = "";
			projectRoot = "";
			targets = (
				BDB66E962923F1A800ED9562 /* HttpDemos */,
			);
		};
/* End PBXProject section */

/* Begin PBXResourcesBuildPhase section */
		BDB66E952923F1A800ED9562 /* Resources */ = {
			isa = PBXResourcesBuildPhase;
			buildActionMask = 2147483647;
			files = (
				BDB66EA72923F1AA00ED9562 /* LaunchScreen.storyboard in Resources */,
				BDB66EA42923F1AA00ED9562 /* Assets.xcassets in Resources */,
				BDB66EA22923F1A800ED9562 /* Main.storyboard in Resources */,
			);
			runOnlyForDeploymentPostprocessing = 0;
		};
/* End PBXResourcesBuildPhase section */

/* Begin PBXSourcesBuildPhase section */
		BDB66E932923F1A800ED9562 /* Sources */ = {
			isa = PBXSourcesBuildPhase;
			buildActionMask = 2147483647;
			files = (
				BDB66E9F2923F1A800ED9562 /* ViewController.swift in Sources */,
				BD60F7292923F767005A0B93 /* HttpRequesterDelegate.swift in Sources */,
				BDB66E9B2923F1A800ED9562 /* AppDelegate.swift in Sources */,
				BD60F7272923F2EE005A0B93 /* HttpRequester.swift in Sources */,
				BDB66E9D2923F1A800ED9562 /* SceneDelegate.swift in Sources */,
			);
			runOnlyForDeploymentPostprocessing = 0;
		};
/* End PBXSourcesBuildPhase section */

/* Begin PBXVariantGroup section */
		BDB66EA02923F1A800ED9562 /* Main.storyboard */ = {
			isa = PBXVariantGroup;
			children = (
				BDB66EA12923F1A800ED9562 /* Base */,
			);
			name = Main.storyboard;
			sourceTree = "<group>";
		};
		BDB66EA52923F1AA00ED9562 /* LaunchScreen.storyboard */ = {
			isa = PBXVariantGroup;
			children = (
				BDB66EA62923F1AA00ED9562 /* Base */,
			);
			name = LaunchScreen.storyboard;
			sourceTree = "<group>";
		};
/* End PBXVariantGroup section */

/* Begin XCBuildConfiguration section */
		BDB66EA92923F1AA00ED9562 /* Debug */ = {
			isa = XCBuildConfiguration;
			buildSettings = {
				ALWAYS_SEARCH_USER_PATHS = NO;
				CLANG_ANALYZER_NONNULL = YES;
				CLANG_ANALYZER_NUMBER_OBJECT_CONVERSION = YES_AGGRESSIVE;
				CLANG_CXX_LANGUAGE_STANDARD = "gnu++20";
				CLANG_ENABLE_MODULES = YES;
				CLANG_ENABLE_OBJC_ARC = YES;
				CLANG_ENABLE_OBJC_WEAK = YES;
				CLANG_WARN_BLOCK_CAPTURE_AUTORELEASING = YES;
				CLANG_WARN_BOOL_CONVERSION = YES;
				CLANG_WARN_COMMA = YES;
				CLANG_WARN_CONSTANT_CONVERSION = YES;
				CLANG_WARN_DEPRECATED_OBJC_IMPLEMENTATIONS = YES;
				CLANG_WARN_DIRECT_OBJC_ISA_USAGE = YES_ERROR;
				CLANG_WARN_DOCUMENTATION_COMMENTS = YES;
				CLANG_WARN_EMPTY_BODY = YES;
				CLANG_WARN_ENUM_CONVERSION = YES;
				CLANG_WARN_INFINITE_RECURSION = YES;
				CLANG_WARN_INT_CONVERSION = YES;
				CLANG_WARN_NON_LITERAL_NULL_CONVERSION = YES;
				CLANG_WARN_OBJC_IMPLICIT_RETAIN_SELF = YES;
				CLANG_WARN_OBJC_LITERAL_CONVERSION = YES;
				CLANG_WARN_OBJC_ROOT_CLASS = YES_ERROR;
				CLANG_WARN_QUOTED_INCLUDE_IN_FRAMEWORK_HEADER = YES;
				CLANG_WARN_RANGE_LOOP_ANALYSIS = YES;
				CLANG_WARN_STRICT_PROTOTYPES = YES;
				CLANG_WARN_SUSPICIOUS_MOVE = YES;
				CLANG_WARN_UNGUARDED_AVAILABILITY = YES_AGGRESSIVE;
				CLANG_WARN_UNREACHABLE_CODE = YES;
				CLANG_WARN__DUPLICATE_METHOD_MATCH = YES;
				COPY_PHASE_STRIP = NO;
				DEBUG_INFORMATION_FORMAT = dwarf;
				ENABLE_STRICT_OBJC_MSGSEND = YES;
				ENABLE_TESTABILITY = YES;
				GCC_C_LANGUAGE_STANDARD = gnu11;
				GCC_DYNAMIC_NO_PIC = NO;
				GCC_NO_COMMON_BLOCKS = YES;
				GCC_OPTIMIZATION_LEVEL = 0;
				GCC_PREPROCESSOR_DEFINITIONS = (
					"DEBUG=1",
					"$(inherited)",
				);
				GCC_WARN_64_TO_32_BIT_CONVERSION = YES;
				GCC_WARN_ABOUT_RETURN_TYPE = YES_ERROR;
				GCC_WARN_UNDECLARED_SELECTOR = YES;
				GCC_WARN_UNINITIALIZED_AUTOS = YES_AGGRESSIVE;
				GCC_WARN_UNUSED_FUNCTION = YES;
				GCC_WARN_UNUSED_VARIABLE = YES;
				IPHONEOS_DEPLOYMENT_TARGET = 16.1;
				MTL_ENABLE_DEBUG_INFO = INCLUDE_SOURCE;
				MTL_FAST_MATH = YES;
				ONLY_ACTIVE_ARCH = YES;
				SDKROOT = iphoneos;
				SWIFT_ACTIVE_COMPILATION_CONDITIONS = DEBUG;
				SWIFT_OPTIMIZATION_LEVEL = "-Onone";
			};
			name = Debug;
		};
		BDB66EAA2923F1AA00ED9562 /* Release */ = {
			isa = XCBuildConfiguration;
			buildSettings = {
				ALWAYS_SEARCH_USER_PATHS = NO;
				CLANG_ANALYZER_NONNULL = YES;
				CLANG_ANALYZER_NUMBER_OBJECT_CONVERSION = YES_AGGRESSIVE;
				CLANG_CXX_LANGUAGE_STANDARD = "gnu++20";
				CLANG_ENABLE_MODULES = YES;
				CLANG_ENABLE_OBJC_ARC = YES;
				CLANG_ENABLE_OBJC_WEAK = YES;
				CLANG_WARN_BLOCK_CAPTURE_AUTORELEASING = YES;
				CLANG_WARN_BOOL_CONVERSION = YES;
				CLANG_WARN_COMMA = YES;
				CLANG_WARN_CONSTANT_CONVERSION = YES;
				CLANG_WARN_DEPRECATED_OBJC_IMPLEMENTATIONS = YES;
				CLANG_WARN_DIRECT_OBJC_ISA_USAGE = YES_ERROR;
				CLANG_WARN_DOCUMENTATION_COMMENTS = YES;
				CLANG_WARN_EMPTY_BODY = YES;
				CLANG_WARN_ENUM_CONVERSION = YES;
				CLANG_WARN_INFINITE_RECURSION = YES;
				CLANG_WARN_INT_CONVERSION = YES;
				CLANG_WARN_NON_LITERAL_NULL_CONVERSION = YES;
				CLANG_WARN_OBJC_IMPLICIT_RETAIN_SELF = YES;
				CLANG_WARN_OBJC_LITERAL_CONVERSION = YES;
				CLANG_WARN_OBJC_ROOT_CLASS = YES_ERROR;
				CLANG_WARN_QUOTED_INCLUDE_IN_FRAMEWORK_HEADER = YES;
				CLANG_WARN_RANGE_LOOP_ANALYSIS = YES;
				CLANG_WARN_STRICT_PROTOTYPES = YES;
				CLANG_WARN_SUSPICIOUS_MOVE = YES;
				CLANG_WARN_UNGUARDED_AVAILABILITY = YES_AGGRESSIVE;
				CLANG_WARN_UNREACHABLE_CODE = YES;
				CLANG_WARN__DUPLICATE_METHOD_MATCH = YES;
				COPY_PHASE_STRIP = NO;
				DEBUG_INFORMATION_FORMAT = "dwarf-with-dsym";
				ENABLE_NS_ASSERTIONS = NO;
				ENABLE_STRICT_OBJC_MSGSEND = YES;
				GCC_C_LANGUAGE_STANDARD = gnu11;
				GCC_NO_COMMON_BLOCKS = YES;
				GCC_WARN_64_TO_32_BIT_CONVERSION = YES;
				GCC_WARN_ABOUT_RETURN_TYPE = YES_ERROR;
				GCC_WARN_UNDECLARED_SELECTOR = YES;
				GCC_WARN_UNINITIALIZED_AUTOS = YES_AGGRESSIVE;
				GCC_WARN_UNUSED_FUNCTION = YES;
				GCC_WARN_UNUSED_VARIABLE = YES;
				IPHONEOS_DEPLOYMENT_TARGET = 16.1;
				MTL_ENABLE_DEBUG_INFO = NO;
				MTL_FAST_MATH = YES;
				SDKROOT = iphoneos;
				SWIFT_COMPILATION_MODE = wholemodule;
				SWIFT_OPTIMIZATION_LEVEL = "-O";
				VALIDATE_PRODUCT = YES;
			};
			name = Release;
		};
		BDB66EAC2923F1AA00ED9562 /* Debug */ = {
			isa = XCBuildConfiguration;
			buildSettings = {
				ASSETCATALOG_COMPILER_APPICON_NAME = AppIcon;
				ASSETCATALOG_COMPILER_GLOBAL_ACCENT_COLOR_NAME = AccentColor;
				CODE_SIGN_STYLE = Automatic;
				CURRENT_PROJECT_VERSION = 1;
				DEVELOPMENT_TEAM = HPX794PR75;
				GENERATE_INFOPLIST_FILE = YES;
				INFOPLIST_FILE = HttpDemos/Info.plist;
				INFOPLIST_KEY_LSApplicationCategoryType = "";
				INFOPLIST_KEY_UIApplicationSupportsIndirectInputEvents = YES;
				INFOPLIST_KEY_UILaunchStoryboardName = LaunchScreen;
				INFOPLIST_KEY_UIMainStoryboardFile = Main;
				INFOPLIST_KEY_UISupportedInterfaceOrientations_iPad = "UIInterfaceOrientationPortrait UIInterfaceOrientationPortraitUpsideDown UIInterfaceOrientationLandscapeLeft UIInterfaceOrientationLandscapeRight";
				INFOPLIST_KEY_UISupportedInterfaceOrientations_iPhone = "UIInterfaceOrientationPortrait UIInterfaceOrientationLandscapeLeft UIInterfaceOrientationLandscapeRight";
				LD_RUNPATH_SEARCH_PATHS = (
					"$(inherited)",
					"@executable_path/Frameworks",
				);
				MARKETING_VERSION = 1.0;
				PRODUCT_BUNDLE_IDENTIFIER = HD.HttpDemos;
				PRODUCT_NAME = "$(TARGET_NAME)";
				SWIFT_EMIT_LOC_STRINGS = YES;
				SWIFT_VERSION = 5.0;
				TARGETED_DEVICE_FAMILY = "1,2";
			};
			name = Debug;
		};
		BDB66EAD2923F1AA00ED9562 /* Release */ = {
			isa = XCBuildConfiguration;
			buildSettings = {
				ASSETCATALOG_COMPILER_APPICON_NAME = AppIcon;
				ASSETCATALOG_COMPILER_GLOBAL_ACCENT_COLOR_NAME = AccentColor;
				CODE_SIGN_STYLE = Automatic;
				CURRENT_PROJECT_VERSION = 1;
				DEVELOPMENT_TEAM = HPX794PR75;
				GENERATE_INFOPLIST_FILE = YES;
				INFOPLIST_FILE = HttpDemos/Info.plist;
				INFOPLIST_KEY_LSApplicationCategoryType = "";
				INFOPLIST_KEY_UIApplicationSupportsIndirectInputEvents = YES;
				INFOPLIST_KEY_UILaunchStoryboardName = LaunchScreen;
				INFOPLIST_KEY_UIMainStoryboardFile = Main;
				INFOPLIST_KEY_UISupportedInterfaceOrientations_iPad = "UIInterfaceOrientationPortrait UIInterfaceOrientationPortraitUpsideDown UIInterfaceOrientationLandscapeLeft UIInterfaceOrientationLandscapeRight";
				INFOPLIST_KEY_UISupportedInterfaceOrientations_iPhone = "UIInterfaceOrientationPortrait UIInterfaceOrientationLandscapeLeft UIInterfaceOrientationLandscapeRight";
				LD_RUNPATH_SEARCH_PATHS = (
					"$(inherited)",
					"@executable_path/Frameworks",
				);
				MARKETING_VERSION = 1.0;
				PRODUCT_BUNDLE_IDENTIFIER = HD.HttpDemos;
				PRODUCT_NAME = "$(TARGET_NAME)";
				SWIFT_EMIT_LOC_STRINGS = YES;
				SWIFT_VERSION = 5.0;
				TARGETED_DEVICE_FAMILY = "1,2";
			};
			name = Release;
		};
/* End XCBuildConfiguration section */

/* Begin XCConfigurationList section */
		BDB66E922923F1A800ED9562 /* Build configuration list for PBXProject "HttpDemos" */ = {
			isa = XCConfigurationList;
			buildConfigurations = (
				BDB66EA92923F1AA00ED9562 /* Debug */,
				BDB66EAA2923F1AA00ED9562 /* Release */,
			);
			defaultConfigurationIsVisible = 0;
			defaultConfigurationName = Release;
		};
		BDB66EAB2923F1AA00ED9562 /* Build configuration list for PBXNativeTarget "HttpDemos" */ = {
			isa = XCConfigurationList;
			buildConfigurations = (
				BDB66EAC2923F1AA00ED9562 /* Debug */,
				BDB66EAD2923F1AA00ED9562 /* Release */,
			);
			defaultConfigurationIsVisible = 0;
			defaultConfigurationName = Release;
		};
/* End XCConfigurationList section */
	};
	rootObject = BDB66E8F2923F1A800ED9562 /* Project object */;
}
