// !$*UTF8*$!
{
	archiveVersion = 1;
	classes = {
	};
	objectVersion = 56;
	objects = {

/* Begin PBXBuildFile section */
		BD44FDC2291FF86F00C98982 /* main.swift in Sources */ = {isa = PBXBuildFile; fileRef = BD44FDC1291FF86F00C98982 /* main.swift */; };
		BD44FDC9291FF8D200C98982 /* Animal.swift in Sources */ = {isa = PBXBuildFile; fileRef = BD44FDC8291FF8D200C98982 /* Animal.swift */; };
		BD44FDCB2920003600C98982 /* ValidationError.swift in Sources */ = {isa = PBXBuildFile; fileRef = BD44FDCA2920003600C98982 /* ValidationError.swift */; };
		BD44FDCD2920059B00C98982 /* Cat.swift in Sources */ = {isa = PBXBuildFile; fileRef = BD44FDCC2920059B00C98982 /* Cat.swift */; };
		BD44FDCF29200C5200C98982 /* Mauable.swift in Sources */ = {isa = PBXBuildFile; fileRef = BD44FDCE29200C5200C98982 /* Mauable.swift */; };
		BD44FDD2292039C200C98982 /* AnimalToDictExtension.swift in Sources */ = {isa = PBXBuildFile; fileRef = BD44FDD1292039C200C98982 /* AnimalToDictExtension.swift */; };
/* End PBXBuildFile section */

/* Begin PBXCopyFilesBuildPhase section */
		BD44FDBC291FF86F00C98982 /* CopyFiles */ = {
			isa = PBXCopyFilesBuildPhase;
			buildActionMask = 2147483647;
			dstPath = /usr/share/man/man1/;
			dstSubfolderSpec = 0;
			files = (
			);
			runOnlyForDeploymentPostprocessing = 1;
		};
/* End PBXCopyFilesBuildPhase section */

/* Begin PBXFileReference section */
		BD44FDBE291FF86F00C98982 /* OopDemos */ = {isa = PBXFileReference; explicitFileType = "compiled.mach-o.executable"; includeInIndex = 0; path = OopDemos; sourceTree = BUILT_PRODUCTS_DIR; };
		BD44FDC1291FF86F00C98982 /* main.swift */ = {isa = PBXFileReference; lastKnownFileType = sourcecode.swift; path = main.swift; sourceTree = "<group>"; };
		BD44FDC8291FF8D200C98982 /* Animal.swift */ = {isa = PBXFileReference; lastKnownFileType = sourcecode.swift; path = Animal.swift; sourceTree = "<group>"; };
		BD44FDCA2920003600C98982 /* ValidationError.swift */ = {isa = PBXFileReference; lastKnownFileType = sourcecode.swift; path = ValidationError.swift; sourceTree = "<group>"; };
		BD44FDCC2920059B00C98982 /* Cat.swift */ = {isa = PBXFileReference; lastKnownFileType = sourcecode.swift; path = Cat.swift; sourceTree = "<group>"; };
		BD44FDCE29200C5200C98982 /* Mauable.swift */ = {isa = PBXFileReference; lastKnownFileType = sourcecode.swift; path = Mauable.swift; sourceTree = "<group>"; };
		BD44FDD1292039C200C98982 /* AnimalToDictExtension.swift */ = {isa = PBXFileReference; lastKnownFileType = sourcecode.swift; path = AnimalToDictExtension.swift; sourceTree = "<group>"; };
/* End PBXFileReference section */

/* Begin PBXFrameworksBuildPhase section */
		BD44FDBB291FF86F00C98982 /* Frameworks */ = {
			isa = PBXFrameworksBuildPhase;
			buildActionMask = 2147483647;
			files = (
			);
			runOnlyForDeploymentPostprocessing = 0;
		};
/* End PBXFrameworksBuildPhase section */

/* Begin PBXGroup section */
		BD44FDB5291FF86F00C98982 = {
			isa = PBXGroup;
			children = (
				BD44FDC0291FF86F00C98982 /* OopDemos */,
				BD44FDBF291FF86F00C98982 /* Products */,
			);
			sourceTree = "<group>";
		};
		BD44FDBF291FF86F00C98982 /* Products */ = {
			isa = PBXGroup;
			children = (
				BD44FDBE291FF86F00C98982 /* OopDemos */,
			);
			name = Products;
			sourceTree = "<group>";
		};
		BD44FDC0291FF86F00C98982 /* OopDemos */ = {
			isa = PBXGroup;
			children = (
				BD44FDD0292039A600C98982 /* Extensions */,
				BD44FDC1291FF86F00C98982 /* main.swift */,
				BD44FDC8291FF8D200C98982 /* Animal.swift */,
				BD44FDCA2920003600C98982 /* ValidationError.swift */,
				BD44FDCC2920059B00C98982 /* Cat.swift */,
				BD44FDCE29200C5200C98982 /* Mauable.swift */,
			);
			path = OopDemos;
			sourceTree = "<group>";
		};
		BD44FDD0292039A600C98982 /* Extensions */ = {
			isa = PBXGroup;
			children = (
				BD44FDD1292039C200C98982 /* AnimalToDictExtension.swift */,
			);
			path = Extensions;
			sourceTree = "<group>";
		};
/* End PBXGroup section */

/* Begin PBXNativeTarget section */
		BD44FDBD291FF86F00C98982 /* OopDemos */ = {
			isa = PBXNativeTarget;
			buildConfigurationList = BD44FDC5291FF86F00C98982 /* Build configuration list for PBXNativeTarget "OopDemos" */;
			buildPhases = (
				BD44FDBA291FF86F00C98982 /* Sources */,
				BD44FDBB291FF86F00C98982 /* Frameworks */,
				BD44FDBC291FF86F00C98982 /* CopyFiles */,
			);
			buildRules = (
			);
			dependencies = (
			);
			name = OopDemos;
			productName = OopDemos;
			productReference = BD44FDBE291FF86F00C98982 /* OopDemos */;
			productType = "com.apple.product-type.tool";
		};
/* End PBXNativeTarget section */

/* Begin PBXProject section */
		BD44FDB6291FF86F00C98982 /* Project object */ = {
			isa = PBXProject;
			attributes = {
				BuildIndependentTargetsInParallel = 1;
				LastSwiftUpdateCheck = 1410;
				LastUpgradeCheck = 1410;
				TargetAttributes = {
					BD44FDBD291FF86F00C98982 = {
						CreatedOnToolsVersion = 14.1;
					};
				};
			};
			buildConfigurationList = BD44FDB9291FF86F00C98982 /* Build configuration list for PBXProject "OopDemos" */;
			compatibilityVersion = "Xcode 14.0";
			developmentRegion = en;
			hasScannedForEncodings = 0;
			knownRegions = (
				en,
				Base,
			);
			mainGroup = BD44FDB5291FF86F00C98982;
			productRefGroup = BD44FDBF291FF86F00C98982 /* Products */;
			projectDirPath = "";
			projectRoot = "";
			targets = (
				BD44FDBD291FF86F00C98982 /* OopDemos */,
			);
		};
/* End PBXProject section */

/* Begin PBXSourcesBuildPhase section */
		BD44FDBA291FF86F00C98982 /* Sources */ = {
			isa = PBXSourcesBuildPhase;
			buildActionMask = 2147483647;
			files = (
				BD44FDCD2920059B00C98982 /* Cat.swift in Sources */,
				BD44FDD2292039C200C98982 /* AnimalToDictExtension.swift in Sources */,
				BD44FDC2291FF86F00C98982 /* main.swift in Sources */,
				BD44FDC9291FF8D200C98982 /* Animal.swift in Sources */,
				BD44FDCF29200C5200C98982 /* Mauable.swift in Sources */,
				BD44FDCB2920003600C98982 /* ValidationError.swift in Sources */,
			);
			runOnlyForDeploymentPostprocessing = 0;
		};
/* End PBXSourcesBuildPhase section */

/* Begin XCBuildConfiguration section */
		BD44FDC3291FF86F00C98982 /* Debug */ = {
			isa = XCBuildConfiguration;
			buildSettings = {
				ALWAYS_SEARCH_USER_PATHS = NO;
				CLANG_ANALYZER_NONNULL = YES;
				CLANG_ANALYZER_NUMBER_OBJECT_CONVERSION = YES_AGGRESSIVE;
				CLANG_CXX_LANGUAGE_STANDARD = "gnu++20";
				CLANG_ENABLE_MODULES = YES;
				CLANG_ENABLE_OBJC_ARC = YES;
				CLANG_ENABLE_OBJC_WEAK = YES;
				CLANG_WARN_BLOCK_CAPTURE_AUTORELEASING = YES;
				CLANG_WARN_BOOL_CONVERSION = YES;
				CLANG_WARN_COMMA = YES;
				CLANG_WARN_CONSTANT_CONVERSION = YES;
				CLANG_WARN_DEPRECATED_OBJC_IMPLEMENTATIONS = YES;
				CLANG_WARN_DIRECT_OBJC_ISA_USAGE = YES_ERROR;
				CLANG_WARN_DOCUMENTATION_COMMENTS = YES;
				CLANG_WARN_EMPTY_BODY = YES;
				CLANG_WARN_ENUM_CONVERSION = YES;
				CLANG_WARN_INFINITE_RECURSION = YES;
				CLANG_WARN_INT_CONVERSION = YES;
				CLANG_WARN_NON_LITERAL_NULL_CONVERSION = YES;
				CLANG_WARN_OBJC_IMPLICIT_RETAIN_SELF = YES;
				CLANG_WARN_OBJC_LITERAL_CONVERSION = YES;
				CLANG_WARN_OBJC_ROOT_CLASS = YES_ERROR;
				CLANG_WARN_QUOTED_INCLUDE_IN_FRAMEWORK_HEADER = YES;
				CLANG_WARN_RANGE_LOOP_ANALYSIS = YES;
				CLANG_WARN_STRICT_PROTOTYPES = YES;
				CLANG_WARN_SUSPICIOUS_MOVE = YES;
				CLANG_WARN_UNGUARDED_AVAILABILITY = YES_AGGRESSIVE;
				CLANG_WARN_UNREACHABLE_CODE = YES;
				CLANG_WARN__DUPLICATE_METHOD_MATCH = YES;
				COPY_PHASE_STRIP = NO;
				DEBUG_INFORMATION_FORMAT = dwarf;
				ENABLE_STRICT_OBJC_MSGSEND = YES;
				ENABLE_TESTABILITY = YES;
				GCC_C_LANGUAGE_STANDARD = gnu11;
				GCC_DYNAMIC_NO_PIC = NO;
				GCC_NO_COMMON_BLOCKS = YES;
				GCC_OPTIMIZATION_LEVEL = 0;
				GCC_PREPROCESSOR_DEFINITIONS = (
					"DEBUG=1",
					"$(inherited)",
				);
				GCC_WARN_64_TO_32_BIT_CONVERSION = YES;
				GCC_WARN_ABOUT_RETURN_TYPE = YES_ERROR;
				GCC_WARN_UNDECLARED_SELECTOR = YES;
				GCC_WARN_UNINITIALIZED_AUTOS = YES_AGGRESSIVE;
				GCC_WARN_UNUSED_FUNCTION = YES;
				GCC_WARN_UNUSED_VARIABLE = YES;
				MACOSX_DEPLOYMENT_TARGET = 13.0;
				MTL_ENABLE_DEBUG_INFO = INCLUDE_SOURCE;
				MTL_FAST_MATH = YES;
				ONLY_ACTIVE_ARCH = YES;
				SDKROOT = macosx;
				SWIFT_ACTIVE_COMPILATION_CONDITIONS = DEBUG;
				SWIFT_OPTIMIZATION_LEVEL = "-Onone";
			};
			name = Debug;
		};
		BD44FDC4291FF86F00C98982 /* Release */ = {
			isa = XCBuildConfiguration;
			buildSettings = {
				ALWAYS_SEARCH_USER_PATHS = NO;
				CLANG_ANALYZER_NONNULL = YES;
				CLANG_ANALYZER_NUMBER_OBJECT_CONVERSION = YES_AGGRESSIVE;
				CLANG_CXX_LANGUAGE_STANDARD = "gnu++20";
				CLANG_ENABLE_MODULES = YES;
				CLANG_ENABLE_OBJC_ARC = YES;
				CLANG_ENABLE_OBJC_WEAK = YES;
				CLANG_WARN_BLOCK_CAPTURE_AUTORELEASING = YES;
				CLANG_WARN_BOOL_CONVERSION = YES;
				CLANG_WARN_COMMA = YES;
				CLANG_WARN_CONSTANT_CONVERSION = YES;
				CLANG_WARN_DEPRECATED_OBJC_IMPLEMENTATIONS = YES;
				CLANG_WARN_DIRECT_OBJC_ISA_USAGE = YES_ERROR;
				CLANG_WARN_DOCUMENTATION_COMMENTS = YES;
				CLANG_WARN_EMPTY_BODY = YES;
				CLANG_WARN_ENUM_CONVERSION = YES;
				CLANG_WARN_INFINITE_RECURSION = YES;
				CLANG_WARN_INT_CONVERSION = YES;
				CLANG_WARN_NON_LITERAL_NULL_CONVERSION = YES;
				CLANG_WARN_OBJC_IMPLICIT_RETAIN_SELF = YES;
				CLANG_WARN_OBJC_LITERAL_CONVERSION = YES;
				CLANG_WARN_OBJC_ROOT_CLASS = YES_ERROR;
				CLANG_WARN_QUOTED_INCLUDE_IN_FRAMEWORK_HEADER = YES;
				CLANG_WARN_RANGE_LOOP_ANALYSIS = YES;
				CLANG_WARN_STRICT_PROTOTYPES = YES;
				CLANG_WARN_SUSPICIOUS_MOVE = YES;
				CLANG_WARN_UNGUARDED_AVAILABILITY = YES_AGGRESSIVE;
				CLANG_WARN_UNREACHABLE_CODE = YES;
				CLANG_WARN__DUPLICATE_METHOD_MATCH = YES;
				COPY_PHASE_STRIP = NO;
				DEBUG_INFORMATION_FORMAT = "dwarf-with-dsym";
				ENABLE_NS_ASSERTIONS = NO;
				ENABLE_STRICT_OBJC_MSGSEND = YES;
				GCC_C_LANGUAGE_STANDARD = gnu11;
				GCC_NO_COMMON_BLOCKS = YES;
				GCC_WARN_64_TO_32_BIT_CONVERSION = YES;
				GCC_WARN_ABOUT_RETURN_TYPE = YES_ERROR;
				GCC_WARN_UNDECLARED_SELECTOR = YES;
				GCC_WARN_UNINITIALIZED_AUTOS = YES_AGGRESSIVE;
				GCC_WARN_UNUSED_FUNCTION = YES;
				GCC_WARN_UNUSED_VARIABLE = YES;
				MACOSX_DEPLOYMENT_TARGET = 13.0;
				MTL_ENABLE_DEBUG_INFO = NO;
				MTL_FAST_MATH = YES;
				SDKROOT = macosx;
				SWIFT_COMPILATION_MODE = wholemodule;
				SWIFT_OPTIMIZATION_LEVEL = "-O";
			};
			name = Release;
		};
		BD44FDC6291FF86F00C98982 /* Debug */ = {
			isa = XCBuildConfiguration;
			buildSettings = {
				CODE_SIGN_STYLE = Automatic;
				DEVELOPMENT_TEAM = HPX794PR75;
				ENABLE_HARDENED_RUNTIME = YES;
				PRODUCT_NAME = "$(TARGET_NAME)";
				SWIFT_VERSION = 5.0;
			};
			name = Debug;
		};
		BD44FDC7291FF86F00C98982 /* Release */ = {
			isa = XCBuildConfiguration;
			buildSettings = {
				CODE_SIGN_STYLE = Automatic;
				DEVELOPMENT_TEAM = HPX794PR75;
				ENABLE_HARDENED_RUNTIME = YES;
				PRODUCT_NAME = "$(TARGET_NAME)";
				SWIFT_VERSION = 5.0;
			};
			name = Release;
		};
/* End XCBuildConfiguration section */

/* Begin XCConfigurationList section */
		BD44FDB9291FF86F00C98982 /* Build configuration list for PBXProject "OopDemos" */ = {
			isa = XCConfigurationList;
			buildConfigurations = (
				BD44FDC3291FF86F00C98982 /* Debug */,
				BD44FDC4291FF86F00C98982 /* Release */,
			);
			defaultConfigurationIsVisible = 0;
			defaultConfigurationName = Release;
		};
		BD44FDC5291FF86F00C98982 /* Build configuration list for PBXNativeTarget "OopDemos" */ = {
			isa = XCConfigurationList;
			buildConfigurations = (
				BD44FDC6291FF86F00C98982 /* Debug */,
				BD44FDC7291FF86F00C98982 /* Release */,
			);
			defaultConfigurationIsVisible = 0;
			defaultConfigurationName = Release;
		};
/* End XCConfigurationList section */
	};
	rootObject = BD44FDB6291FF86F00C98982 /* Project object */;
}
